
Microsoft Visual Studio Solution File, Format Version 11.00
# Visual Studio 2010
Project("{FAE04EC0-301F-11D3-BF4B-00C04F79EFBC}") = "Assembly-CSharp", "Assembly-CSharp.csproj", "{66390745-4185-8f27-3d75-921d90097134}"
EndProject
Project("{FAE04EC0-301F-11D3-BF4B-00C04F79EFBC}") = "Assembly-CSharp-Editor", "Assembly-CSharp-Editor.csproj", "{131a7526-dca8-5ce3-4229-c295535b77e5}"
EndProject
Global
	GlobalSection(SolutionConfigurationPlatforms) = preSolution
		Debug|Any CPU = Debug|Any CPU
		Release|Any CPU = Release|Any CPU
	EndGlobalSection
	GlobalSection(ProjectConfigurationPlatforms) = postSolution
		{66390745-4185-8f27-3d75-921d90097134}.Debug|Any CPU.ActiveCfg = Debug|Any CPU
		{66390745-4185-8f27-3d75-921d90097134}.Debug|Any CPU.Build.0 = Debug|Any CPU
		{66390745-4185-8f27-3d75-921d90097134}.Release|Any CPU.ActiveCfg = Release|Any CPU
		{66390745-4185-8f27-3d75-921d90097134}.Release|Any CPU.Build.0 = Release|Any CPU
		{131a7526-dca8-5ce3-4229-c295535b77e5}.Debug|Any CPU.ActiveCfg = Debug|Any CPU
		{131a7526-dca8-5ce3-4229-c295535b77e5}.Debug|Any CPU.Build.0 = Debug|Any CPU
		{131a7526-dca8-5ce3-4229-c295535b77e5}.Release|Any CPU.ActiveCfg = Release|Any CPU
		{131a7526-dca8-5ce3-4229-c295535b77e5}.Release|Any CPU.Build.0 = Release|Any CPU
	EndGlobalSection
	GlobalSection(SolutionProperties) = preSolution
		HideSolutionNode = FALSE
	EndGlobalSection
EndGlobal
